// !$*UTF8*$!
{
	archiveVersion = 1;
	classes = {
	};
	objectVersion = 77;
	objects = {

/* Begin PBXBuildFile section */
		A17661102F1C306B008322F2 /* staircardioWatch Watch App.app in Embed Watch Content */ = {isa = PBXBuildFile; fileRef = A17660F02F1C3068008322F2 /* staircardioWatch Watch App.app */; settings = {ATTRIBUTES = (RemoveHeadersOnCopy, ); }; };
/* End PBXBuildFile section */

/* Begin PBXContainerItemProxy section */
		A17660FD2F1C306B008322F2 /* PBXContainerItemProxy */ = {
			isa = PBXContainerItemProxy;
			containerPortal = A1CC5A0D2F1BDCAC0035E007 /* Project object */;
			proxyType = 1;
			remoteGlobalIDString = A17660EF2F1C3068008322F2;
			remoteInfo = "staircardioWatch Watch App";
		};
		A17661072F1C306B008322F2 /* PBXContainerItemProxy */ = {
			isa = PBXContainerItemProxy;
			containerPortal = A1CC5A0D2F1BDCAC0035E007 /* Project object */;
			proxyType = 1;
			remoteGlobalIDString = A17660EF2F1C3068008322F2;
			remoteInfo = "staircardioWatch Watch App";
		};
		A176610E2F1C306B008322F2 /* PBXContainerItemProxy */ = {
			isa = PBXContainerItemProxy;
			containerPortal = A1CC5A0D2F1BDCAC0035E007 /* Project object */;
			proxyType = 1;
			remoteGlobalIDString = A17660EF2F1C3068008322F2;
			remoteInfo = "staircardioWatch Watch App";
		};
		A1CC5A272F1BDCAE0035E007 /* PBXContainerItemProxy */ = {
			isa = PBXContainerItemProxy;
			containerPortal = A1CC5A0D2F1BDCAC0035E007 /* Project object */;
			proxyType = 1;
			remoteGlobalIDString = A1CC5A142F1BDCAC0035E007;
			remoteInfo = staircardio;
		};
		A1CC5A312F1BDCAE0035E007 /* PBXContainerItemProxy */ = {
			isa = PBXContainerItemProxy;
			containerPortal = A1CC5A0D2F1BDCAC0035E007 /* Project object */;
			proxyType = 1;
			remoteGlobalIDString = A1CC5A142F1BDCAC0035E007;
			remoteInfo = staircardio;
		};
/* End PBXContainerItemProxy section */

/* Begin PBXCopyFilesBuildPhase section */
		A17661142F1C306B008322F2 /* Embed Watch Content */ = {
			isa = PBXCopyFilesBuildPhase;
			buildActionMask = 2147483647;
			dstPath = "$(CONTENTS_FOLDER_PATH)/Watch";
			dstSubfolderSpec = 16;
			files = (
				A17661102F1C306B008322F2 /* staircardioWatch Watch App.app in Embed Watch Content */,
			);
			name = "Embed Watch Content";
			runOnlyForDeploymentPostprocessing = 0;
		};
/* End PBXCopyFilesBuildPhase section */

/* Begin PBXFileReference section */
		A17660F02F1C3068008322F2 /* staircardioWatch Watch App.app */ = {isa = PBXFileReference; explicitFileType = wrapper.application; includeInIndex = 0; path = "staircardioWatch Watch App.app"; sourceTree = BUILT_PRODUCTS_DIR; };
		A17660FC2F1C306B008322F2 /* staircardioWatch Watch AppTests.xctest */ = {isa = PBXFileReference; explicitFileType = wrapper.cfbundle; includeInIndex = 0; path = "staircardioWatch Watch AppTests.xctest"; sourceTree = BUILT_PRODUCTS_DIR; };
		A17661062F1C306B008322F2 /* staircardioWatch Watch AppUITests.xctest */ = {isa = PBXFileReference; explicitFileType = wrapper.cfbundle; includeInIndex = 0; path = "staircardioWatch Watch AppUITests.xctest"; sourceTree = BUILT_PRODUCTS_DIR; };
		A1CC5A152F1BDCAC0035E007 /* staircardio.app */ = {isa = PBXFileReference; explicitFileType = wrapper.application; includeInIndex = 0; path = staircardio.app; sourceTree = BUILT_PRODUCTS_DIR; };
		A1CC5A262F1BDCAE0035E007 /* staircardioTests.xctest */ = {isa = PBXFileReference; explicitFileType = wrapper.cfbundle; includeInIndex = 0; path = staircardioTests.xctest; sourceTree = BUILT_PRODUCTS_DIR; };
		A1CC5A302F1BDCAE0035E007 /* staircardioUITests.xctest */ = {isa = PBXFileReference; explicitFileType = wrapper.cfbundle; includeInIndex = 0; path = staircardioUITests.xctest; sourceTree = BUILT_PRODUCTS_DIR; };
/* End PBXFileReference section */

/* Begin PBXFileSystemSynchronizedBuildFileExceptionSet section */
		A1CC5A382F1BDCAE0035E007 /* Exceptions for "staircardio" folder in "staircardio" target */ = {
			isa = PBXFileSystemSynchronizedBuildFileExceptionSet;
			membershipExceptions = (
				Info.plist,
			);
			target = A1CC5A142F1BDCAC0035E007 /* staircardio */;
		};
/* End PBXFileSystemSynchronizedBuildFileExceptionSet section */

/* Begin PBXFileSystemSynchronizedRootGroup section */
		A17660F12F1C3068008322F2 /* staircardioWatch Watch App */ = {
			isa = PBXFileSystemSynchronizedRootGroup;
			path = "staircardioWatch Watch App";
			sourceTree = "<group>";
		};
		A17660FF2F1C306B008322F2 /* staircardioWatch Watch AppTests */ = {
			isa = PBXFileSystemSynchronizedRootGroup;
			path = "staircardioWatch Watch AppTests";
			sourceTree = "<group>";
		};
		A17661092F1C306B008322F2 /* staircardioWatch Watch AppUITests */ = {
			isa = PBXFileSystemSynchronizedRootGroup;
			path = "staircardioWatch Watch AppUITests";
			sourceTree = "<group>";
		};
		A1CC5A172F1BDCAC0035E007 /* staircardio */ = {
			isa = PBXFileSystemSynchronizedRootGroup;
			exceptions = (
				A1CC5A382F1BDCAE0035E007 /* Exceptions for "staircardio" folder in "staircardio" target */,
			);
			path = staircardio;
			sourceTree = "<group>";
		};
		A1CC5A292F1BDCAE0035E007 /* staircardioTests */ = {
			isa = PBXFileSystemSynchronizedRootGroup;
			path = staircardioTests;
			sourceTree = "<group>";
		};
		A1CC5A332F1BDCAE0035E007 /* staircardioUITests */ = {
			isa = PBXFileSystemSynchronizedRootGroup;
			path = staircardioUITests;
			sourceTree = "<group>";
		};
/* End PBXFileSystemSynchronizedRootGroup section */

/* Begin PBXFrameworksBuildPhase section */
		A17660ED2F1C3068008322F2 /* Frameworks */ = {
			isa = PBXFrameworksBuildPhase;
			buildActionMask = 2147483647;
			files = (
			);
			runOnlyForDeploymentPostprocessing = 0;
		};
		A17660F92F1C306B008322F2 /* Frameworks */ = {
			isa = PBXFrameworksBuildPhase;
			buildActionMask = 2147483647;
			files = (
			);
			runOnlyForDeploymentPostprocessing = 0;
		};
		A17661032F1C306B008322F2 /* Frameworks */ = {
			isa = PBXFrameworksBuildPhase;
			buildActionMask = 2147483647;
			files = (
			);
			runOnlyForDeploymentPostprocessing = 0;
		};
		A1CC5A122F1BDCAC0035E007 /* Frameworks */ = {
			isa = PBXFrameworksBuildPhase;
			buildActionMask = 2147483647;
			files = (
			);
			runOnlyForDeploymentPostprocessing = 0;
		};
		A1CC5A232F1BDCAE0035E007 /* Frameworks */ = {
			isa = PBXFrameworksBuildPhase;
			buildActionMask = 2147483647;
			files = (
			);
			runOnlyForDeploymentPostprocessing = 0;
		};
		A1CC5A2D2F1BDCAE0035E007 /* Frameworks */ = {
			isa = PBXFrameworksBuildPhase;
			buildActionMask = 2147483647;
			files = (
			);
			runOnlyForDeploymentPostprocessing = 0;
		};
/* End PBXFrameworksBuildPhase section */

/* Begin PBXGroup section */
		A1CC5A0C2F1BDCAC0035E007 = {
			isa = PBXGroup;
			children = (
				A1CC5A172F1BDCAC0035E007 /* staircardio */,
				A1CC5A292F1BDCAE0035E007 /* staircardioTests */,
				A1CC5A332F1BDCAE0035E007 /* staircardioUITests */,
				A17660F12F1C3068008322F2 /* staircardioWatch Watch App */,
				A17660FF2F1C306B008322F2 /* staircardioWatch Watch AppTests */,
				A17661092F1C306B008322F2 /* staircardioWatch Watch AppUITests */,
				A1CC5A162F1BDCAC0035E007 /* Products */,
			);
			sourceTree = "<group>";
		};
		A1CC5A162F1BDCAC0035E007 /* Products */ = {
			isa = PBXGroup;
			children = (
				A1CC5A152F1BDCAC0035E007 /* staircardio.app */,
				A1CC5A262F1BDCAE0035E007 /* staircardioTests.xctest */,
				A1CC5A302F1BDCAE0035E007 /* staircardioUITests.xctest */,
				A17660F02F1C3068008322F2 /* staircardioWatch Watch App.app */,
				A17660FC2F1C306B008322F2 /* staircardioWatch Watch AppTests.xctest */,
				A17661062F1C306B008322F2 /* staircardioWatch Watch AppUITests.xctest */,
			);
			name = Products;
			sourceTree = "<group>";
		};
/* End PBXGroup section */

/* Begin PBXNativeTarget section */
		A17660EF2F1C3068008322F2 /* staircardioWatch Watch App */ = {
			isa = PBXNativeTarget;
			buildConfigurationList = A17661112F1C306B008322F2 /* Build configuration list for PBXNativeTarget "staircardioWatch Watch App" */;
			buildPhases = (
				A17660EC2F1C3068008322F2 /* Sources */,
				A17660ED2F1C3068008322F2 /* Frameworks */,
				A17660EE2F1C3068008322F2 /* Resources */,
			);
			buildRules = (
			);
			dependencies = (
			);
			fileSystemSynchronizedGroups = (
				A17660F12F1C3068008322F2 /* staircardioWatch Watch App */,
			);
			name = "staircardioWatch Watch App";
			packageProductDependencies = (
			);
			productName = "staircardioWatch Watch App";
			productReference = A17660F02F1C3068008322F2 /* staircardioWatch Watch App.app */;
			productType = "com.apple.product-type.application";
		};
		A17660FB2F1C306B008322F2 /* staircardioWatch Watch AppTests */ = {
			isa = PBXNativeTarget;
			buildConfigurationList = A17661152F1C306B008322F2 /* Build configuration list for PBXNativeTarget "staircardioWatch Watch AppTests" */;
			buildPhases = (
				A17660F82F1C306B008322F2 /* Sources */,
				A17660F92F1C306B008322F2 /* Frameworks */,
				A17660FA2F1C306B008322F2 /* Resources */,
			);
			buildRules = (
			);
			dependencies = (
				A17660FE2F1C306B008322F2 /* PBXTargetDependency */,
			);
			fileSystemSynchronizedGroups = (
				A17660FF2F1C306B008322F2 /* staircardioWatch Watch AppTests */,
			);
			name = "staircardioWatch Watch AppTests";
			packageProductDependencies = (
			);
			productName = "staircardioWatch Watch AppTests";
			productReference = A17660FC2F1C306B008322F2 /* staircardioWatch Watch AppTests.xctest */;
			productType = "com.apple.product-type.bundle.unit-test";
		};
		A17661052F1C306B008322F2 /* staircardioWatch Watch AppUITests */ = {
			isa = PBXNativeTarget;
			buildConfigurationList = A17661182F1C306B008322F2 /* Build configuration list for PBXNativeTarget "staircardioWatch Watch AppUITests" */;
			buildPhases = (
				A17661022F1C306B008322F2 /* Sources */,
				A17661032F1C306B008322F2 /* Frameworks */,
				A17661042F1C306B008322F2 /* Resources */,
			);
			buildRules = (
			);
			dependencies = (
				A17661082F1C306B008322F2 /* PBXTargetDependency */,
			);
			fileSystemSynchronizedGroups = (
				A17661092F1C306B008322F2 /* staircardioWatch Watch AppUITests */,
			);
			name = "staircardioWatch Watch AppUITests";
			packageProductDependencies = (
			);
			productName = "staircardioWatch Watch AppUITests";
			productReference = A17661062F1C306B008322F2 /* staircardioWatch Watch AppUITests.xctest */;
			productType = "com.apple.product-type.bundle.ui-testing";
		};
		A1CC5A142F1BDCAC0035E007 /* staircardio */ = {
			isa = PBXNativeTarget;
			buildConfigurationList = A1CC5A392F1BDCAE0035E007 /* Build configuration list for PBXNativeTarget "staircardio" */;
			buildPhases = (
				A1CC5A112F1BDCAC0035E007 /* Sources */,
				A1CC5A122F1BDCAC0035E007 /* Frameworks */,
				A1CC5A132F1BDCAC0035E007 /* Resources */,
				A17661142F1C306B008322F2 /* Embed Watch Content */,
			);
			buildRules = (
			);
			dependencies = (
				A176610F2F1C306B008322F2 /* PBXTargetDependency */,
			);
			fileSystemSynchronizedGroups = (
				A1CC5A172F1BDCAC0035E007 /* staircardio */,
			);
			name = staircardio;
			packageProductDependencies = (
			);
			productName = staircardio;
			productReference = A1CC5A152F1BDCAC0035E007 /* staircardio.app */;
			productType = "com.apple.product-type.application";
		};
		A1CC5A252F1BDCAE0035E007 /* staircardioTests */ = {
			isa = PBXNativeTarget;
			buildConfigurationList = A1CC5A3E2F1BDCAE0035E007 /* Build configuration list for PBXNativeTarget "staircardioTests" */;
			buildPhases = (
				A1CC5A222F1BDCAE0035E007 /* Sources */,
				A1CC5A232F1BDCAE0035E007 /* Frameworks */,
				A1CC5A242F1BDCAE0035E007 /* Resources */,
			);
			buildRules = (
			);
			dependencies = (
				A1CC5A282F1BDCAE0035E007 /* PBXTargetDependency */,
			);
			fileSystemSynchronizedGroups = (
				A1CC5A292F1BDCAE0035E007 /* staircardioTests */,
			);
			name = staircardioTests;
			packageProductDependencies = (
			);
			productName = staircardioTests;
			productReference = A1CC5A262F1BDCAE0035E007 /* staircardioTests.xctest */;
			productType = "com.apple.product-type.bundle.unit-test";
		};
		A1CC5A2F2F1BDCAE0035E007 /* staircardioUITests */ = {
			isa = PBXNativeTarget;
			buildConfigurationList = A1CC5A412F1BDCAE0035E007 /* Build configuration list for PBXNativeTarget "staircardioUITests" */;
			buildPhases = (
				A1CC5A2C2F1BDCAE0035E007 /* Sources */,
				A1CC5A2D2F1BDCAE0035E007 /* Frameworks */,
				A1CC5A2E2F1BDCAE0035E007 /* Resources */,
			);
			buildRules = (
			);
			dependencies = (
				A1CC5A322F1BDCAE0035E007 /* PBXTargetDependency */,
			);
			fileSystemSynchronizedGroups = (
				A1CC5A332F1BDCAE0035E007 /* staircardioUITests */,
			);
			name = staircardioUITests;
			packageProductDependencies = (
			);
			productName = staircardioUITests;
			productReference = A1CC5A302F1BDCAE0035E007 /* staircardioUITests.xctest */;
			productType = "com.apple.product-type.bundle.ui-testing";
		};
/* End PBXNativeTarget section */

/* Begin PBXProject section */
		A1CC5A0D2F1BDCAC0035E007 /* Project object */ = {
			isa = PBXProject;
			attributes = {
				BuildIndependentTargetsInParallel = 1;
				LastSwiftUpdateCheck = 2620;
				LastUpgradeCheck = 2620;
				TargetAttributes = {
					A17660EF2F1C3068008322F2 = {
						CreatedOnToolsVersion = 26.2;
					};
					A17660FB2F1C306B008322F2 = {
						CreatedOnToolsVersion = 26.2;
						TestTargetID = A17660EF2F1C3068008322F2;
					};
					A17661052F1C306B008322F2 = {
						CreatedOnToolsVersion = 26.2;
						TestTargetID = A17660EF2F1C3068008322F2;
					};
					A1CC5A142F1BDCAC0035E007 = {
						CreatedOnToolsVersion = 26.2;
					};
					A1CC5A252F1BDCAE0035E007 = {
						CreatedOnToolsVersion = 26.2;
						TestTargetID = A1CC5A142F1BDCAC0035E007;
					};
					A1CC5A2F2F1BDCAE0035E007 = {
						CreatedOnToolsVersion = 26.2;
						TestTargetID = A1CC5A142F1BDCAC0035E007;
					};
				};
			};
			buildConfigurationList = A1CC5A102F1BDCAC0035E007 /* Build configuration list for PBXProject "staircardio" */;
			developmentRegion = en;
			hasScannedForEncodings = 0;
			knownRegions = (
				en,
				Base,
			);
			mainGroup = A1CC5A0C2F1BDCAC0035E007;
			minimizedProjectReferenceProxies = 1;
			preferredProjectObjectVersion = 77;
			productRefGroup = A1CC5A162F1BDCAC0035E007 /* Products */;
			projectDirPath = "";
			projectRoot = "";
			targets = (
				A1CC5A142F1BDCAC0035E007 /* staircardio */,
				A1CC5A252F1BDCAE0035E007 /* staircardioTests */,
				A1CC5A2F2F1BDCAE0035E007 /* staircardioUITests */,
				A17660EF2F1C3068008322F2 /* staircardioWatch Watch App */,
				A17660FB2F1C306B008322F2 /* staircardioWatch Watch AppTests */,
				A17661052F1C306B008322F2 /* staircardioWatch Watch AppUITests */,
			);
		};
/* End PBXProject section */

/* Begin PBXResourcesBuildPhase section */
		A17660EE2F1C3068008322F2 /* Resources */ = {
			isa = PBXResourcesBuildPhase;
			buildActionMask = 2147483647;
			files = (
			);
			runOnlyForDeploymentPostprocessing = 0;
		};
		A17660FA2F1C306B008322F2 /* Resources */ = {
			isa = PBXResourcesBuildPhase;
			buildActionMask = 2147483647;
			files = (
			);
			runOnlyForDeploymentPostprocessing = 0;
		};
		A17661042F1C306B008322F2 /* Resources */ = {
			isa = PBXResourcesBuildPhase;
			buildActionMask = 2147483647;
			files = (
			);
			runOnlyForDeploymentPostprocessing = 0;
		};
		A1CC5A132F1BDCAC0035E007 /* Resources */ = {
			isa = PBXResourcesBuildPhase;
			buildActionMask = 2147483647;
			files = (
			);
			runOnlyForDeploymentPostprocessing = 0;
		};
		A1CC5A242F1BDCAE0035E007 /* Resources */ = {
			isa = PBXResourcesBuildPhase;
			buildActionMask = 2147483647;
			files = (
			);
			runOnlyForDeploymentPostprocessing = 0;
		};
		A1CC5A2E2F1BDCAE0035E007 /* Resources */ = {
			isa = PBXResourcesBuildPhase;
			buildActionMask = 2147483647;
			files = (
			);
			runOnlyForDeploymentPostprocessing = 0;
		};
/* End PBXResourcesBuildPhase section */

/* Begin PBXSourcesBuildPhase section */
		A17660EC2F1C3068008322F2 /* Sources */ = {
			isa = PBXSourcesBuildPhase;
			buildActionMask = 2147483647;
			files = (
			);
			runOnlyForDeploymentPostprocessing = 0;
		};
		A17660F82F1C306B008322F2 /* Sources */ = {
			isa = PBXSourcesBuildPhase;
			buildActionMask = 2147483647;
			files = (
			);
			runOnlyForDeploymentPostprocessing = 0;
		};
		A17661022F1C306B008322F2 /* Sources */ = {
			isa = PBXSourcesBuildPhase;
			buildActionMask = 2147483647;
			files = (
			);
			runOnlyForDeploymentPostprocessing = 0;
		};
		A1CC5A112F1BDCAC0035E007 /* Sources */ = {
			isa = PBXSourcesBuildPhase;
			buildActionMask = 2147483647;
			files = (
			);
			runOnlyForDeploymentPostprocessing = 0;
		};
		A1CC5A222F1BDCAE0035E007 /* Sources */ = {
			isa = PBXSourcesBuildPhase;
			buildActionMask = 2147483647;
			files = (
			);
			runOnlyForDeploymentPostprocessing = 0;
		};
		A1CC5A2C2F1BDCAE0035E007 /* Sources */ = {
			isa = PBXSourcesBuildPhase;
			buildActionMask = 2147483647;
			files = (
			);
			runOnlyForDeploymentPostprocessing = 0;
		};
/* End PBXSourcesBuildPhase section */

/* Begin PBXTargetDependency section */
		A17660FE2F1C306B008322F2 /* PBXTargetDependency */ = {
			isa = PBXTargetDependency;
			target = A17660EF2F1C3068008322F2 /* staircardioWatch Watch App */;
			targetProxy = A17660FD2F1C306B008322F2 /* PBXContainerItemProxy */;
		};
		A17661082F1C306B008322F2 /* PBXTargetDependency */ = {
			isa = PBXTargetDependency;
			target = A17660EF2F1C3068008322F2 /* staircardioWatch Watch App */;
			targetProxy = A17661072F1C306B008322F2 /* PBXContainerItemProxy */;
		};
		A176610F2F1C306B008322F2 /* PBXTargetDependency */ = {
			isa = PBXTargetDependency;
			target = A17660EF2F1C3068008322F2 /* staircardioWatch Watch App */;
			targetProxy = A176610E2F1C306B008322F2 /* PBXContainerItemProxy */;
		};
		A1CC5A282F1BDCAE0035E007 /* PBXTargetDependency */ = {
			isa = PBXTargetDependency;
			target = A1CC5A142F1BDCAC0035E007 /* staircardio */;
			targetProxy = A1CC5A272F1BDCAE0035E007 /* PBXContainerItemProxy */;
		};
		A1CC5A322F1BDCAE0035E007 /* PBXTargetDependency */ = {
			isa = PBXTargetDependency;
			target = A1CC5A142F1BDCAC0035E007 /* staircardio */;
			targetProxy = A1CC5A312F1BDCAE0035E007 /* PBXContainerItemProxy */;
		};
/* End PBXTargetDependency section */

/* Begin XCBuildConfiguration section */
		A17661122F1C306B008322F2 /* Debug */ = {
			isa = XCBuildConfiguration;
			buildSettings = {
				ASSETCATALOG_COMPILER_APPICON_NAME = AppIcon;
				ASSETCATALOG_COMPILER_GLOBAL_ACCENT_COLOR_NAME = AccentColor;
				CODE_SIGN_ENTITLEMENTS = "staircardioWatch Watch App/staircardioWatch Watch App.entitlements";
				CODE_SIGN_STYLE = Automatic;
				CURRENT_PROJECT_VERSION = 1;
				DEVELOPMENT_TEAM = H4ND8LAYMT;
				ENABLE_PREVIEWS = YES;
				GENERATE_INFOPLIST_FILE = YES;
				INFOPLIST_KEY_CFBundleDisplayName = staircardioWatch;
				INFOPLIST_KEY_UISupportedInterfaceOrientations = "UIInterfaceOrientationPortrait UIInterfaceOrientationPortraitUpsideDown";
				INFOPLIST_KEY_WKCompanionAppBundleIdentifier = dev.virts.staircardio;
				LD_RUNPATH_SEARCH_PATHS = (
					"$(inherited)",
					"@executable_path/Frameworks",
				);
				MARKETING_VERSION = 1.0;
				PRODUCT_BUNDLE_IDENTIFIER = dev.virts.staircardio.watchkitapp;
				PRODUCT_NAME = "$(TARGET_NAME)";
				SDKROOT = watchos;
				SKIP_INSTALL = YES;
				STRING_CATALOG_GENERATE_SYMBOLS = YES;
				SWIFT_APPROACHABLE_CONCURRENCY = YES;
				SWIFT_DEFAULT_ACTOR_ISOLATION = MainActor;
				SWIFT_EMIT_LOC_STRINGS = YES;
				SWIFT_UPCOMING_FEATURE_MEMBER_IMPORT_VISIBILITY = YES;
				SWIFT_VERSION = 5.0;
				TARGETED_DEVICE_FAMILY = 4;
				WATCHOS_DEPLOYMENT_TARGET = 26.2;
			};
			name = Debug;
		};
		A17661132F1C306B008322F2 /* Release */ = {
			isa = XCBuildConfiguration;
			buildSettings = {
				ASSETCATALOG_COMPILER_APPICON_NAME = AppIcon;
				ASSETCATALOG_COMPILER_GLOBAL_ACCENT_COLOR_NAME = AccentColor;
				CODE_SIGN_ENTITLEMENTS = "staircardioWatch Watch App/staircardioWatch Watch App.entitlements";
				CODE_SIGN_STYLE = Automatic;
				CURRENT_PROJECT_VERSION = 1;
				DEVELOPMENT_TEAM = H4ND8LAYMT;
				ENABLE_PREVIEWS = YES;
				GENERATE_INFOPLIST_FILE = YES;
				INFOPLIST_KEY_CFBundleDisplayName = staircardioWatch;
				INFOPLIST_KEY_UISupportedInterfaceOrientations = "UIInterfaceOrientationPortrait UIInterfaceOrientationPortraitUpsideDown";
				INFOPLIST_KEY_WKCompanionAppBundleIdentifier = dev.virts.staircardio;
				LD_RUNPATH_SEARCH_PATHS = (
					"$(inherited)",
					"@executable_path/Frameworks",
				);
				MARKETING_VERSION = 1.0;
				PRODUCT_BUNDLE_IDENTIFIER = dev.virts.staircardio.watchkitapp;
				PRODUCT_NAME = "$(TARGET_NAME)";
				SDKROOT = watchos;
				SKIP_INSTALL = YES;
				STRING_CATALOG_GENERATE_SYMBOLS = YES;
				SWIFT_APPROACHABLE_CONCURRENCY = YES;
				SWIFT_DEFAULT_ACTOR_ISOLATION = MainActor;
				SWIFT_EMIT_LOC_STRINGS = YES;
				SWIFT_UPCOMING_FEATURE_MEMBER_IMPORT_VISIBILITY = YES;
				SWIFT_VERSION = 5.0;
				TARGETED_DEVICE_FAMILY = 4;
				WATCHOS_DEPLOYMENT_TARGET = 26.2;
			};
			name = Release;
		};
		A17661162F1C306B008322F2 /* Debug */ = {
			isa = XCBuildConfiguration;
			buildSettings = {
				BUNDLE_LOADER = "$(TEST_HOST)";
				CODE_SIGN_STYLE = Automatic;
				CURRENT_PROJECT_VERSION = 1;
				DEVELOPMENT_TEAM = H4ND8LAYMT;
				GENERATE_INFOPLIST_FILE = YES;
				MARKETING_VERSION = 1.0;
				PRODUCT_BUNDLE_IDENTIFIER = "dev.virts.staircardioWatch-Watch-AppTests";
				PRODUCT_NAME = "$(TARGET_NAME)";
				SDKROOT = watchos;
				STRING_CATALOG_GENERATE_SYMBOLS = NO;
				SWIFT_APPROACHABLE_CONCURRENCY = YES;
				SWIFT_EMIT_LOC_STRINGS = NO;
				SWIFT_UPCOMING_FEATURE_MEMBER_IMPORT_VISIBILITY = YES;
				SWIFT_VERSION = 5.0;
				TARGETED_DEVICE_FAMILY = 4;
				TEST_HOST = "$(BUILT_PRODUCTS_DIR)/staircardioWatch Watch App.app/$(BUNDLE_EXECUTABLE_FOLDER_PATH)/staircardioWatch Watch App";
				WATCHOS_DEPLOYMENT_TARGET = 26.2;
			};
			name = Debug;
		};
		A17661172F1C306B008322F2 /* Release */ = {
			isa = XCBuildConfiguration;
			buildSettings = {
				BUNDLE_LOADER = "$(TEST_HOST)";
				CODE_SIGN_STYLE = Automatic;
				CURRENT_PROJECT_VERSION = 1;
				DEVELOPMENT_TEAM = H4ND8LAYMT;
				GENERATE_INFOPLIST_FILE = YES;
				MARKETING_VERSION = 1.0;
				PRODUCT_BUNDLE_IDENTIFIER = "dev.virts.staircardioWatch-Watch-AppTests";
				PRODUCT_NAME = "$(TARGET_NAME)";
				SDKROOT = watchos;
				STRING_CATALOG_GENERATE_SYMBOLS = NO;
				SWIFT_APPROACHABLE_CONCURRENCY = YES;
				SWIFT_EMIT_LOC_STRINGS = NO;
				SWIFT_UPCOMING_FEATURE_MEMBER_IMPORT_VISIBILITY = YES;
				SWIFT_VERSION = 5.0;
				TARGETED_DEVICE_FAMILY = 4;
				TEST_HOST = "$(BUILT_PRODUCTS_DIR)/staircardioWatch Watch App.app/$(BUNDLE_EXECUTABLE_FOLDER_PATH)/staircardioWatch Watch App";
				WATCHOS_DEPLOYMENT_TARGET = 26.2;
			};
			name = Release;
		};
		A17661192F1C306B008322F2 /* Debug */ = {
			isa = XCBuildConfiguration;
			buildSettings = {
				CODE_SIGN_STYLE = Automatic;
				CURRENT_PROJECT_VERSION = 1;
				DEVELOPMENT_TEAM = H4ND8LAYMT;
				GENERATE_INFOPLIST_FILE = YES;
				MARKETING_VERSION = 1.0;
				PRODUCT_BUNDLE_IDENTIFIER = "dev.virts.staircardioWatch-Watch-AppUITests";
				PRODUCT_NAME = "$(TARGET_NAME)";
				SDKROOT = watchos;
				STRING_CATALOG_GENERATE_SYMBOLS = NO;
				SWIFT_APPROACHABLE_CONCURRENCY = YES;
				SWIFT_EMIT_LOC_STRINGS = NO;
				SWIFT_UPCOMING_FEATURE_MEMBER_IMPORT_VISIBILITY = YES;
				SWIFT_VERSION = 5.0;
				TARGETED_DEVICE_FAMILY = 4;
				TEST_TARGET_NAME = "staircardioWatch Watch App";
				WATCHOS_DEPLOYMENT_TARGET = 26.2;
			};
			name = Debug;
		};
		A176611A2F1C306B008322F2 /* Release */ = {
			isa = XCBuildConfiguration;
			buildSettings = {
				CODE_SIGN_STYLE = Automatic;
				CURRENT_PROJECT_VERSION = 1;
				DEVELOPMENT_TEAM = H4ND8LAYMT;
				GENERATE_INFOPLIST_FILE = YES;
				MARKETING_VERSION = 1.0;
				PRODUCT_BUNDLE_IDENTIFIER = "dev.virts.staircardioWatch-Watch-AppUITests";
				PRODUCT_NAME = "$(TARGET_NAME)";
				SDKROOT = watchos;
				STRING_CATALOG_GENERATE_SYMBOLS = NO;
				SWIFT_APPROACHABLE_CONCURRENCY = YES;
				SWIFT_EMIT_LOC_STRINGS = NO;
				SWIFT_UPCOMING_FEATURE_MEMBER_IMPORT_VISIBILITY = YES;
				SWIFT_VERSION = 5.0;
				TARGETED_DEVICE_FAMILY = 4;
				TEST_TARGET_NAME = "staircardioWatch Watch App";
				WATCHOS_DEPLOYMENT_TARGET = 26.2;
			};
			name = Release;
		};
		A1CC5A3A2F1BDCAE0035E007 /* Debug */ = {
			isa = XCBuildConfiguration;
			buildSettings = {
				ASSETCATALOG_COMPILER_APPICON_NAME = AppIcon;
				ASSETCATALOG_COMPILER_GLOBAL_ACCENT_COLOR_NAME = AccentColor;
				CODE_SIGN_ENTITLEMENTS = staircardio/staircardio.entitlements;
				CODE_SIGN_STYLE = Automatic;
				CURRENT_PROJECT_VERSION = 1;
				DEVELOPMENT_TEAM = H4ND8LAYMT;
				ENABLE_PREVIEWS = YES;
				GENERATE_INFOPLIST_FILE = YES;
				INFOPLIST_FILE = staircardio/Info.plist;
				INFOPLIST_KEY_LSApplicationCategoryType = "public.app-category.healthcare-fitness";
				INFOPLIST_KEY_NSHealthShareUsageDescription = "StairCardio uses Health data to read stair workouts and show your progress.";
				INFOPLIST_KEY_NSHealthUpdateUsageDescription = "StairCardio saves stair workouts so you can track circuits over time.";
				INFOPLIST_KEY_UIApplicationSceneManifest_Generation = YES;
				INFOPLIST_KEY_UIApplicationSupportsIndirectInputEvents = YES;
				INFOPLIST_KEY_UILaunchScreen_Generation = YES;
				INFOPLIST_KEY_UISupportedInterfaceOrientations_iPad = "UIInterfaceOrientationPortrait UIInterfaceOrientationPortraitUpsideDown UIInterfaceOrientationLandscapeLeft UIInterfaceOrientationLandscapeRight";
				INFOPLIST_KEY_UISupportedInterfaceOrientations_iPhone = "UIInterfaceOrientationPortrait UIInterfaceOrientationLandscapeLeft UIInterfaceOrientationLandscapeRight";
				LD_RUNPATH_SEARCH_PATHS = (
					"$(inherited)",
					"@executable_path/Frameworks",
				);
				MARKETING_VERSION = 1.0;
				PRODUCT_BUNDLE_IDENTIFIER = dev.virts.staircardio;
				PRODUCT_NAME = "$(TARGET_NAME)";
				STRING_CATALOG_GENERATE_SYMBOLS = YES;
				SWIFT_APPROACHABLE_CONCURRENCY = YES;
				SWIFT_DEFAULT_ACTOR_ISOLATION = MainActor;
				SWIFT_EMIT_LOC_STRINGS = YES;
				SWIFT_UPCOMING_FEATURE_MEMBER_IMPORT_VISIBILITY = YES;
				SWIFT_VERSION = 5.0;
				TARGETED_DEVICE_FAMILY = "1,2";
			};
			name = Debug;
		};
		A1CC5A3B2F1BDCAE0035E007 /* Release */ = {
			isa = XCBuildConfiguration;
			buildSettings = {
				ASSETCATALOG_COMPILER_APPICON_NAME = AppIcon;
				ASSETCATALOG_COMPILER_GLOBAL_ACCENT_COLOR_NAME = AccentColor;
				CODE_SIGN_ENTITLEMENTS = staircardio/staircardio.entitlements;
				CODE_SIGN_STYLE = Automatic;
				CURRENT_PROJECT_VERSION = 1;
				DEVELOPMENT_TEAM = H4ND8LAYMT;
				ENABLE_PREVIEWS = YES;
				GENERATE_INFOPLIST_FILE = YES;
				INFOPLIST_FILE = staircardio/Info.plist;
				INFOPLIST_KEY_LSApplicationCategoryType = "public.app-category.healthcare-fitness";
				INFOPLIST_KEY_NSHealthShareUsageDescription = "StairCardio uses Health data to read stair workouts and show your progress.";
				INFOPLIST_KEY_NSHealthUpdateUsageDescription = "StairCardio saves stair workouts so you can track circuits over time.";
				INFOPLIST_KEY_UIApplicationSceneManifest_Generation = YES;
				INFOPLIST_KEY_UIApplicationSupportsIndirectInputEvents = YES;
				INFOPLIST_KEY_UILaunchScreen_Generation = YES;
				INFOPLIST_KEY_UISupportedInterfaceOrientations_iPad = "UIInterfaceOrientationPortrait UIInterfaceOrientationPortraitUpsideDown UIInterfaceOrientationLandscapeLeft UIInterfaceOrientationLandscapeRight";
				INFOPLIST_KEY_UISupportedInterfaceOrientations_iPhone = "UIInterfaceOrientationPortrait UIInterfaceOrientationLandscapeLeft UIInterfaceOrientationLandscapeRight";
				LD_RUNPATH_SEARCH_PATHS = (
					"$(inherited)",
					"@executable_path/Frameworks",
				);
				MARKETING_VERSION = 1.0;
				PRODUCT_BUNDLE_IDENTIFIER = dev.virts.staircardio;
				PRODUCT_NAME = "$(TARGET_NAME)";
				STRING_CATALOG_GENERATE_SYMBOLS = YES;
				SWIFT_APPROACHABLE_CONCURRENCY = YES;
				SWIFT_DEFAULT_ACTOR_ISOLATION = MainActor;
				SWIFT_EMIT_LOC_STRINGS = YES;
				SWIFT_UPCOMING_FEATURE_MEMBER_IMPORT_VISIBILITY = YES;
				SWIFT_VERSION = 5.0;
				TARGETED_DEVICE_FAMILY = "1,2";
			};
			name = Release;
		};
		A1CC5A3C2F1BDCAE0035E007 /* Debug */ = {
			isa = XCBuildConfiguration;
			buildSettings = {
				ALWAYS_SEARCH_USER_PATHS = NO;
				ASSETCATALOG_COMPILER_GENERATE_SWIFT_ASSET_SYMBOL_EXTENSIONS = YES;
				CLANG_ANALYZER_NONNULL = YES;
				CLANG_ANALYZER_NUMBER_OBJECT_CONVERSION = YES_AGGRESSIVE;
				CLANG_CXX_LANGUAGE_STANDARD = "gnu++20";
				CLANG_ENABLE_MODULES = YES;
				CLANG_ENABLE_OBJC_ARC = YES;
				CLANG_ENABLE_OBJC_WEAK = YES;
				CLANG_WARN_BLOCK_CAPTURE_AUTORELEASING = YES;
				CLANG_WARN_BOOL_CONVERSION = YES;
				CLANG_WARN_COMMA = YES;
				CLANG_WARN_CONSTANT_CONVERSION = YES;
				CLANG_WARN_DEPRECATED_OBJC_IMPLEMENTATIONS = YES;
				CLANG_WARN_DIRECT_OBJC_ISA_USAGE = YES_ERROR;
				CLANG_WARN_DOCUMENTATION_COMMENTS = YES;
				CLANG_WARN_EMPTY_BODY = YES;
				CLANG_WARN_ENUM_CONVERSION = YES;
				CLANG_WARN_INFINITE_RECURSION = YES;
				CLANG_WARN_INT_CONVERSION = YES;
				CLANG_WARN_NON_LITERAL_NULL_CONVERSION = YES;
				CLANG_WARN_OBJC_IMPLICIT_RETAIN_SELF = YES;
				CLANG_WARN_OBJC_LITERAL_CONVERSION = YES;
				CLANG_WARN_OBJC_ROOT_CLASS = YES_ERROR;
				CLANG_WARN_QUOTED_INCLUDE_IN_FRAMEWORK_HEADER = YES;
				CLANG_WARN_RANGE_LOOP_ANALYSIS = YES;
				CLANG_WARN_STRICT_PROTOTYPES = YES;
				CLANG_WARN_SUSPICIOUS_MOVE = YES;
				CLANG_WARN_UNGUARDED_AVAILABILITY = YES_AGGRESSIVE;
				CLANG_WARN_UNREACHABLE_CODE = YES;
				CLANG_WARN__DUPLICATE_METHOD_MATCH = YES;
				COPY_PHASE_STRIP = NO;
				DEBUG_INFORMATION_FORMAT = dwarf;
				DEVELOPMENT_TEAM = H4ND8LAYMT;
				ENABLE_STRICT_OBJC_MSGSEND = YES;
				ENABLE_TESTABILITY = YES;
				ENABLE_USER_SCRIPT_SANDBOXING = YES;
				GCC_C_LANGUAGE_STANDARD = gnu17;
				GCC_DYNAMIC_NO_PIC = NO;
				GCC_NO_COMMON_BLOCKS = YES;
				GCC_OPTIMIZATION_LEVEL = 0;
				GCC_PREPROCESSOR_DEFINITIONS = (
					"DEBUG=1",
					"$(inherited)",
				);
				GCC_WARN_64_TO_32_BIT_CONVERSION = YES;
				GCC_WARN_ABOUT_RETURN_TYPE = YES_ERROR;
				GCC_WARN_UNDECLARED_SELECTOR = YES;
				GCC_WARN_UNINITIALIZED_AUTOS = YES_AGGRESSIVE;
				GCC_WARN_UNUSED_FUNCTION = YES;
				GCC_WARN_UNUSED_VARIABLE = YES;
				IPHONEOS_DEPLOYMENT_TARGET = 26.2;
				LOCALIZATION_PREFERS_STRING_CATALOGS = YES;
				MTL_ENABLE_DEBUG_INFO = INCLUDE_SOURCE;
				MTL_FAST_MATH = YES;
				ONLY_ACTIVE_ARCH = YES;
				SDKROOT = iphoneos;
				SWIFT_ACTIVE_COMPILATION_CONDITIONS = "DEBUG $(inherited)";
				SWIFT_OPTIMIZATION_LEVEL = "-Onone";
			};
			name = Debug;
		};
		A1CC5A3D2F1BDCAE0035E007 /* Release */ = {
			isa = XCBuildConfiguration;
			buildSettings = {
				ALWAYS_SEARCH_USER_PATHS = NO;
				ASSETCATALOG_COMPILER_GENERATE_SWIFT_ASSET_SYMBOL_EXTENSIONS = YES;
				CLANG_ANALYZER_NONNULL = YES;
				CLANG_ANALYZER_NUMBER_OBJECT_CONVERSION = YES_AGGRESSIVE;
				CLANG_CXX_LANGUAGE_STANDARD = "gnu++20";
				CLANG_ENABLE_MODULES = YES;
				CLANG_ENABLE_OBJC_ARC = YES;
				CLANG_ENABLE_OBJC_WEAK = YES;
				CLANG_WARN_BLOCK_CAPTURE_AUTORELEASING = YES;
				CLANG_WARN_BOOL_CONVERSION = YES;
				CLANG_WARN_COMMA = YES;
				CLANG_WARN_CONSTANT_CONVERSION = YES;
				CLANG_WARN_DEPRECATED_OBJC_IMPLEMENTATIONS = YES;
				CLANG_WARN_DIRECT_OBJC_ISA_USAGE = YES_ERROR;
				CLANG_WARN_DOCUMENTATION_COMMENTS = YES;
				CLANG_WARN_EMPTY_BODY = YES;
				CLANG_WARN_ENUM_CONVERSION = YES;
				CLANG_WARN_INFINITE_RECURSION = YES;
				CLANG_WARN_INT_CONVERSION = YES;
				CLANG_WARN_NON_LITERAL_NULL_CONVERSION = YES;
				CLANG_WARN_OBJC_IMPLICIT_RETAIN_SELF = YES;
				CLANG_WARN_OBJC_LITERAL_CONVERSION = YES;
				CLANG_WARN_OBJC_ROOT_CLASS = YES_ERROR;
				CLANG_WARN_QUOTED_INCLUDE_IN_FRAMEWORK_HEADER = YES;
				CLANG_WARN_RANGE_LOOP_ANALYSIS = YES;
				CLANG_WARN_STRICT_PROTOTYPES = YES;
				CLANG_WARN_SUSPICIOUS_MOVE = YES;
				CLANG_WARN_UNGUARDED_AVAILABILITY = YES_AGGRESSIVE;
				CLANG_WARN_UNREACHABLE_CODE = YES;
				CLANG_WARN__DUPLICATE_METHOD_MATCH = YES;
				COPY_PHASE_STRIP = NO;
				DEBUG_INFORMATION_FORMAT = "dwarf-with-dsym";
				DEVELOPMENT_TEAM = H4ND8LAYMT;
				ENABLE_NS_ASSERTIONS = NO;
				ENABLE_STRICT_OBJC_MSGSEND = YES;
				ENABLE_USER_SCRIPT_SANDBOXING = YES;
				GCC_C_LANGUAGE_STANDARD = gnu17;
				GCC_NO_COMMON_BLOCKS = YES;
				GCC_WARN_64_TO_32_BIT_CONVERSION = YES;
				GCC_WARN_ABOUT_RETURN_TYPE = YES_ERROR;
				GCC_WARN_UNDECLARED_SELECTOR = YES;
				GCC_WARN_UNINITIALIZED_AUTOS = YES_AGGRESSIVE;
				GCC_WARN_UNUSED_FUNCTION = YES;
				GCC_WARN_UNUSED_VARIABLE = YES;
				IPHONEOS_DEPLOYMENT_TARGET = 26.2;
				LOCALIZATION_PREFERS_STRING_CATALOGS = YES;
				MTL_ENABLE_DEBUG_INFO = NO;
				MTL_FAST_MATH = YES;
				SDKROOT = iphoneos;
				SWIFT_COMPILATION_MODE = wholemodule;
				VALIDATE_PRODUCT = YES;
			};
			name = Release;
		};
		A1CC5A3F2F1BDCAE0035E007 /* Debug */ = {
			isa = XCBuildConfiguration;
			buildSettings = {
				BUNDLE_LOADER = "$(TEST_HOST)";
				CODE_SIGN_STYLE = Automatic;
				CURRENT_PROJECT_VERSION = 1;
				DEVELOPMENT_TEAM = H4ND8LAYMT;
				GENERATE_INFOPLIST_FILE = YES;
				IPHONEOS_DEPLOYMENT_TARGET = 26.2;
				MARKETING_VERSION = 1.0;
				PRODUCT_BUNDLE_IDENTIFIER = dev.virts.staircardioTests;
				PRODUCT_NAME = "$(TARGET_NAME)";
				STRING_CATALOG_GENERATE_SYMBOLS = NO;
				SWIFT_APPROACHABLE_CONCURRENCY = YES;
				SWIFT_EMIT_LOC_STRINGS = NO;
				SWIFT_UPCOMING_FEATURE_MEMBER_IMPORT_VISIBILITY = YES;
				SWIFT_VERSION = 5.0;
				TARGETED_DEVICE_FAMILY = "1,2";
				TEST_HOST = "$(BUILT_PRODUCTS_DIR)/staircardio.app/$(BUNDLE_EXECUTABLE_FOLDER_PATH)/staircardio";
			};
			name = Debug;
		};
		A1CC5A402F1BDCAE0035E007 /* Release */ = {
			isa = XCBuildConfiguration;
			buildSettings = {
				BUNDLE_LOADER = "$(TEST_HOST)";
				CODE_SIGN_STYLE = Automatic;
				CURRENT_PROJECT_VERSION = 1;
				DEVELOPMENT_TEAM = H4ND8LAYMT;
				GENERATE_INFOPLIST_FILE = YES;
				IPHONEOS_DEPLOYMENT_TARGET = 26.2;
				MARKETING_VERSION = 1.0;
				PRODUCT_BUNDLE_IDENTIFIER = dev.virts.staircardioTests;
				PRODUCT_NAME = "$(TARGET_NAME)";
				STRING_CATALOG_GENERATE_SYMBOLS = NO;
				SWIFT_APPROACHABLE_CONCURRENCY = YES;
				SWIFT_EMIT_LOC_STRINGS = NO;
				SWIFT_UPCOMING_FEATURE_MEMBER_IMPORT_VISIBILITY = YES;
				SWIFT_VERSION = 5.0;
				TARGETED_DEVICE_FAMILY = "1,2";
				TEST_HOST = "$(BUILT_PRODUCTS_DIR)/staircardio.app/$(BUNDLE_EXECUTABLE_FOLDER_PATH)/staircardio";
			};
			name = Release;
		};
		A1CC5A422F1BDCAE0035E007 /* Debug */ = {
			isa = XCBuildConfiguration;
			buildSettings = {
				CODE_SIGN_STYLE = Automatic;
				CURRENT_PROJECT_VERSION = 1;
				DEVELOPMENT_TEAM = H4ND8LAYMT;
				GENERATE_INFOPLIST_FILE = YES;
				MARKETING_VERSION = 1.0;
				PRODUCT_BUNDLE_IDENTIFIER = dev.virts.staircardioUITests;
				PRODUCT_NAME = "$(TARGET_NAME)";
				STRING_CATALOG_GENERATE_SYMBOLS = NO;
				SWIFT_APPROACHABLE_CONCURRENCY = YES;
				SWIFT_EMIT_LOC_STRINGS = NO;
				SWIFT_UPCOMING_FEATURE_MEMBER_IMPORT_VISIBILITY = YES;
				SWIFT_VERSION = 5.0;
				TARGETED_DEVICE_FAMILY = "1,2";
				TEST_TARGET_NAME = staircardio;
			};
			name = Debug;
		};
		A1CC5A432F1BDCAE0035E007 /* Release */ = {
			isa = XCBuildConfiguration;
			buildSettings = {
				CODE_SIGN_STYLE = Automatic;
				CURRENT_PROJECT_VERSION = 1;
				DEVELOPMENT_TEAM = H4ND8LAYMT;
				GENERATE_INFOPLIST_FILE = YES;
				MARKETING_VERSION = 1.0;
				PRODUCT_BUNDLE_IDENTIFIER = dev.virts.staircardioUITests;
				PRODUCT_NAME = "$(TARGET_NAME)";
				STRING_CATALOG_GENERATE_SYMBOLS = NO;
				SWIFT_APPROACHABLE_CONCURRENCY = YES;
				SWIFT_EMIT_LOC_STRINGS = NO;
				SWIFT_UPCOMING_FEATURE_MEMBER_IMPORT_VISIBILITY = YES;
				SWIFT_VERSION = 5.0;
				TARGETED_DEVICE_FAMILY = "1,2";
				TEST_TARGET_NAME = staircardio;
			};
			name = Release;
		};
/* End XCBuildConfiguration section */

/* Begin XCConfigurationList section */
		A17661112F1C306B008322F2 /* Build configuration list for PBXNativeTarget "staircardioWatch Watch App" */ = {
			isa = XCConfigurationList;
			buildConfigurations = (
				A17661122F1C306B008322F2 /* Debug */,
				A17661132F1C306B008322F2 /* Release */,
			);
			defaultConfigurationIsVisible = 0;
			defaultConfigurationName = Release;
		};
		A17661152F1C306B008322F2 /* Build configuration list for PBXNativeTarget "staircardioWatch Watch AppTests" */ = {
			isa = XCConfigurationList;
			buildConfigurations = (
				A17661162F1C306B008322F2 /* Debug */,
				A17661172F1C306B008322F2 /* Release */,
			);
			defaultConfigurationIsVisible = 0;
			defaultConfigurationName = Release;
		};
		A17661182F1C306B008322F2 /* Build configuration list for PBXNativeTarget "staircardioWatch Watch AppUITests" */ = {
			isa = XCConfigurationList;
			buildConfigurations = (
				A17661192F1C306B008322F2 /* Debug */,
				A176611A2F1C306B008322F2 /* Release */,
			);
			defaultConfigurationIsVisible = 0;
			defaultConfigurationName = Release;
		};
		A1CC5A102F1BDCAC0035E007 /* Build configuration list for PBXProject "staircardio" */ = {
			isa = XCConfigurationList;
			buildConfigurations = (
				A1CC5A3C2F1BDCAE0035E007 /* Debug */,
				A1CC5A3D2F1BDCAE0035E007 /* Release */,
			);
			defaultConfigurationIsVisible = 0;
			defaultConfigurationName = Release;
		};
		A1CC5A392F1BDCAE0035E007 /* Build configuration list for PBXNativeTarget "staircardio" */ = {
			isa = XCConfigurationList;
			buildConfigurations = (
				A1CC5A3A2F1BDCAE0035E007 /* Debug */,
				A1CC5A3B2F1BDCAE0035E007 /* Release */,
			);
			defaultConfigurationIsVisible = 0;
			defaultConfigurationName = Release;
		};
		A1CC5A3E2F1BDCAE0035E007 /* Build configuration list for PBXNativeTarget "staircardioTests" */ = {
			isa = XCConfigurationList;
			buildConfigurations = (
				A1CC5A3F2F1BDCAE0035E007 /* Debug */,
				A1CC5A402F1BDCAE0035E007 /* Release */,
			);
			defaultConfigurationIsVisible = 0;
			defaultConfigurationName = Release;
		};
		A1CC5A412F1BDCAE0035E007 /* Build configuration list for PBXNativeTarget "staircardioUITests" */ = {
			isa = XCConfigurationList;
			buildConfigurations = (
				A1CC5A422F1BDCAE0035E007 /* Debug */,
				A1CC5A432F1BDCAE0035E007 /* Release */,
			);
			defaultConfigurationIsVisible = 0;
			defaultConfigurationName = Release;
		};
/* End XCConfigurationList section */
	};
	rootObject = A1CC5A0D2F1BDCAC0035E007 /* Project object */;
}
